
Microsoft Visual Studio Solution File, Format Version 12.00
# Visual Studio 15
VisualStudioVersion = 15.0.28307.1169
MinimumVisualStudioVersion = 10.0.40219.1
Project("{FAE04EC0-301F-11D3-BF4B-00C04F79EFBC}") = "LightningManager", "LightningManager.csproj", "{B2D7F36E-3016-46DD-A37B-1A4E15CA0F6B}"
EndProject
Global
	GlobalSection(SolutionConfigurationPlatforms) = preSolution
		Debug|Any CPU = Debug|Any CPU
		Release|Any CPU = Release|Any CPU
	EndGlobalSection
	GlobalSection(ProjectConfigurationPlatforms) = postSolution
		{B2D7F36E-3016-46DD-A37B-1A4E15CA0F6B}.Debug|Any CPU.ActiveCfg = Debug|Any CPU
		{B2D7F36E-3016-46DD-A37B-1A4E15CA0F6B}.Debug|Any CPU.Build.0 = Debug|Any CPU
		{B2D7F36E-3016-46DD-A37B-1A4E15CA0F6B}.Release|Any CPU.ActiveCfg = Release|Any CPU
		{B2D7F36E-3016-46DD-A37B-1A4E15CA0F6B}.Release|Any CPU.Build.0 = Release|Any CPU
	EndGlobalSection
	GlobalSection(SolutionProperties) = preSolution
		HideSolutionNode = FALSE
	EndGlobalSection
	GlobalSection(ExtensibilityGlobals) = postSolution
		SolutionGuid = {C71E23F0-4E28-4091-BCCE-464F9901A61B}
	EndGlobalSection
EndGlobal
